
Microsoft Visual Studio Solution File, Format Version 12.00
# Visual Studio Version 16
VisualStudioVersion = 16.0.31624.102
MinimumVisualStudioVersion = 10.0.40219.1
Project("{FAE04EC0-301F-11D3-BF4B-00C04F79EFBC}") = "WindowsFormsApp1", "WindowsFormsApp1.csproj", "{0C415443-EE34-4E64-BE62-C3ADE2FB1F2D}"
EndProject
Global
	GlobalSection(SolutionConfigurationPlatforms) = preSolution
		Debug|Any CPU = Debug|Any CPU
		Release|Any CPU = Release|Any CPU
	EndGlobalSection
	GlobalSection(ProjectConfigurationPlatforms) = postSolution
		{0C415443-EE34-4E64-BE62-C3ADE2FB1F2D}.Debug|Any CPU.ActiveCfg = Debug|Any CPU
		{0C415443-EE34-4E64-BE62-C3ADE2FB1F2D}.Debug|Any CPU.Build.0 = Debug|Any CPU
		{0C415443-EE34-4E64-BE62-C3ADE2FB1F2D}.Release|Any CPU.ActiveCfg = Release|Any CPU
		{0C415443-EE34-4E64-BE62-C3ADE2FB1F2D}.Release|Any CPU.Build.0 = Release|Any CPU
	EndGlobalSection
	GlobalSection(SolutionProperties) = preSolution
		HideSolutionNode = FALSE
	EndGlobalSection
	GlobalSection(ExtensibilityGlobals) = postSolution
		SolutionGuid = {1823494B-29FB-4921-99C6-24A8C9A59083}
	EndGlobalSection
EndGlobal
